
Microsoft Visual Studio Solution File, Format Version 12.00
# Visual Studio Version 17
VisualStudioVersion = 17.11.35222.181
MinimumVisualStudioVersion = 10.0.40219.1
Project("{FAE04EC0-301F-11D3-BF4B-00C04F79EFBC}") = "лаба 15", "лаба 15.csproj", "{6300C4A9-5DA2-487B-A6F3-51D594FEAD3B}"
EndProject
Global
	GlobalSection(SolutionConfigurationPlatforms) = preSolution
		Debug|Any CPU = Debug|Any CPU
		Release|Any CPU = Release|Any CPU
	EndGlobalSection
	GlobalSection(ProjectConfigurationPlatforms) = postSolution
		{6300C4A9-5DA2-487B-A6F3-51D594FEAD3B}.Debug|Any CPU.ActiveCfg = Debug|Any CPU
		{6300C4A9-5DA2-487B-A6F3-51D594FEAD3B}.Debug|Any CPU.Build.0 = Debug|Any CPU
		{6300C4A9-5DA2-487B-A6F3-51D594FEAD3B}.Release|Any CPU.ActiveCfg = Release|Any CPU
		{6300C4A9-5DA2-487B-A6F3-51D594FEAD3B}.Release|Any CPU.Build.0 = Release|Any CPU
	EndGlobalSection
	GlobalSection(SolutionProperties) = preSolution
		HideSolutionNode = FALSE
	EndGlobalSection
	GlobalSection(ExtensibilityGlobals) = postSolution
		SolutionGuid = {7128F250-1628-4EBF-A0B9-33821CD6323D}
	EndGlobalSection
EndGlobal
