
Microsoft Visual Studio Solution File, Format Version 12.00
# Visual Studio Version 17
VisualStudioVersion = 17.11.35222.181
MinimumVisualStudioVersion = 10.0.40219.1
Project("{8BC9CEB8-8B4A-11D0-8D11-00A0C91BC942}") = "server", "server.vcxproj", "{22627630-ABFE-48F8-AEDF-4A983D28EE27}"
EndProject
Project("{8BC9CEB8-8B4A-11D0-8D11-00A0C91BC942}") = "client", "..\client\client.vcxproj", "{E0294E3A-85D3-4C47-85BC-BCA446C2313E}"
EndProject
Global
	GlobalSection(SolutionConfigurationPlatforms) = preSolution
		Debug|x64 = Debug|x64
		Debug|x86 = Debug|x86
		Release|x64 = Release|x64
		Release|x86 = Release|x86
	EndGlobalSection
	GlobalSection(ProjectConfigurationPlatforms) = postSolution
		{22627630-ABFE-48F8-AEDF-4A983D28EE27}.Debug|x64.ActiveCfg = Debug|x64
		{22627630-ABFE-48F8-AEDF-4A983D28EE27}.Debug|x64.Build.0 = Debug|x64
		{22627630-ABFE-48F8-AEDF-4A983D28EE27}.Debug|x86.ActiveCfg = Debug|Win32
		{22627630-ABFE-48F8-AEDF-4A983D28EE27}.Debug|x86.Build.0 = Debug|Win32
		{22627630-ABFE-48F8-AEDF-4A983D28EE27}.Release|x64.ActiveCfg = Release|x64
		{22627630-ABFE-48F8-AEDF-4A983D28EE27}.Release|x64.Build.0 = Release|x64
		{22627630-ABFE-48F8-AEDF-4A983D28EE27}.Release|x86.ActiveCfg = Release|Win32
		{22627630-ABFE-48F8-AEDF-4A983D28EE27}.Release|x86.Build.0 = Release|Win32
		{E0294E3A-85D3-4C47-85BC-BCA446C2313E}.Debug|x64.ActiveCfg = Debug|x64
		{E0294E3A-85D3-4C47-85BC-BCA446C2313E}.Debug|x64.Build.0 = Debug|x64
		{E0294E3A-85D3-4C47-85BC-BCA446C2313E}.Debug|x86.ActiveCfg = Debug|Win32
		{E0294E3A-85D3-4C47-85BC-BCA446C2313E}.Debug|x86.Build.0 = Debug|Win32
		{E0294E3A-85D3-4C47-85BC-BCA446C2313E}.Release|x64.ActiveCfg = Release|x64
		{E0294E3A-85D3-4C47-85BC-BCA446C2313E}.Release|x64.Build.0 = Release|x64
		{E0294E3A-85D3-4C47-85BC-BCA446C2313E}.Release|x86.ActiveCfg = Release|Win32
		{E0294E3A-85D3-4C47-85BC-BCA446C2313E}.Release|x86.Build.0 = Release|Win32
	EndGlobalSection
	GlobalSection(SolutionProperties) = preSolution
		HideSolutionNode = FALSE
	EndGlobalSection
	GlobalSection(ExtensibilityGlobals) = postSolution
		SolutionGuid = {80F17AB7-C8A1-401B-ADD8-61B831B464F1}
	EndGlobalSection
EndGlobal
