
Microsoft Visual Studio Solution File, Format Version 12.00
# Visual Studio Version 17
VisualStudioVersion = 17.11.35222.181
MinimumVisualStudioVersion = 10.0.40219.1
Project("{FAE04EC0-301F-11D3-BF4B-00C04F79EFBC}") = "лаба 10", "лаба 10.csproj", "{26FCC197-101F-44B1-A37C-8C757BC5CC58}"
EndProject
Global
	GlobalSection(SolutionConfigurationPlatforms) = preSolution
		Debug|Any CPU = Debug|Any CPU
		Release|Any CPU = Release|Any CPU
	EndGlobalSection
	GlobalSection(ProjectConfigurationPlatforms) = postSolution
		{26FCC197-101F-44B1-A37C-8C757BC5CC58}.Debug|Any CPU.ActiveCfg = Debug|Any CPU
		{26FCC197-101F-44B1-A37C-8C757BC5CC58}.Debug|Any CPU.Build.0 = Debug|Any CPU
		{26FCC197-101F-44B1-A37C-8C757BC5CC58}.Release|Any CPU.ActiveCfg = Release|Any CPU
		{26FCC197-101F-44B1-A37C-8C757BC5CC58}.Release|Any CPU.Build.0 = Release|Any CPU
	EndGlobalSection
	GlobalSection(SolutionProperties) = preSolution
		HideSolutionNode = FALSE
	EndGlobalSection
	GlobalSection(ExtensibilityGlobals) = postSolution
		SolutionGuid = {092392BE-439F-49D1-8A24-5DA3BE171071}
	EndGlobalSection
EndGlobal
